
Microsoft Visual Studio Solution File, Format Version 12.00
# Visual Studio 15
VisualStudioVersion = 15.0.27130.2003
MinimumVisualStudioVersion = 10.0.40219.1
Project("{FAE04EC0-301F-11D3-BF4B-00C04F79EFBC}") = "UniEBoard", "UniEBoard.csproj", "{BE643816-01F4-402A-B54B-10C898543995}"
EndProject
Project("{FAE04EC0-301F-11D3-BF4B-00C04F79EFBC}") = "UniEBoard.Service", "..\..\..\08122017\LatestUnieboard-master\UniEBoard.Service\UniEBoard.Service.csproj", "{7061A15E-94F2-4B2A-AC75-D573913521DA}"
EndProject
Project("{FAE04EC0-301F-11D3-BF4B-00C04F79EFBC}") = "UniEBoard.Model", "..\..\..\08122017\LatestUnieboard-master\UniEBoard.Model\UniEBoard.Model.csproj", "{47742751-7136-4C84-82AC-849DD9AF97AB}"
EndProject
Project("{FAE04EC0-301F-11D3-BF4B-00C04F79EFBC}") = "Cognite.MembershipProvider", "..\..\..\08122017\LatestUnieboard-master\Cognite.MembershipProvider\Cognite.MembershipProvider.csproj", "{BCABF515-CD4F-4AD0-B281-4E032AB6411D}"
EndProject
Project("{2150E333-8FDC-42A3-9474-1A3956D46DE8}") = "1. Utilities", "1. Utilities", "{A5338EA5-D04E-4E61-847A-435E05A1B448}"
EndProject
Project("{FAE04EC0-301F-11D3-BF4B-00C04F79EFBC}") = "Cognite.Utility", "..\..\..\08122017\LatestUnieboard-master\Utility\Cognite.Utility.csproj", "{EFC414CD-655B-4C58-9127-EDBBE536517C}"
EndProject
Project("{2150E333-8FDC-42A3-9474-1A3956D46DE8}") = "Resources", "Resources", "{8193DEA8-1273-44D6-B472-9507ACD89CD3}"
EndProject
Project("{2150E333-8FDC-42A3-9474-1A3956D46DE8}") = "2. Repository", "2. Repository", "{61A0ADAF-CE88-4C50-94AA-B8EF5C9DBC35}"
EndProject
Project("{FAE04EC0-301F-11D3-BF4B-00C04F79EFBC}") = "UniEBoard.Repository", "..\..\..\08122017\LatestUnieboard-master\UniEBoard.Repository\UniEBoard.Repository.csproj", "{A2EF75C3-8CDF-42DA-9E36-49747E36FF07}"
EndProject
Project("{2150E333-8FDC-42A3-9474-1A3956D46DE8}") = "3. Business Model", "3. Business Model", "{258CC423-BC8E-4AE2-822D-2675E1672FCC}"
EndProject
Project("{2150E333-8FDC-42A3-9474-1A3956D46DE8}") = "4. Service", "4. Service", "{F3456230-4F18-4C2C-AF0F-9613B7D834C5}"
EndProject
Project("{2150E333-8FDC-42A3-9474-1A3956D46DE8}") = "5. UniEBoard", "5. UniEBoard", "{2F6268C1-EFC8-4DFE-8ACF-B7D983835ACE}"
EndProject
Project("{2150E333-8FDC-42A3-9474-1A3956D46DE8}") = "6. Resource", "6. Resource", "{7874F615-CE59-449E-80C8-5318B2D5E5D7}"
EndProject
Project("{FAE04EC0-301F-11D3-BF4B-00C04F79EFBC}") = "Resource", "..\..\..\08122017\LatestUnieboard-master\Resource\Resource.csproj", "{F040DB81-E1D2-48B0-91F8-A6DDAC4B7AE7}"
EndProject
Global
	GlobalSection(SolutionConfigurationPlatforms) = preSolution
		Debug|Any CPU = Debug|Any CPU
		Release|Any CPU = Release|Any CPU
	EndGlobalSection
	GlobalSection(ProjectConfigurationPlatforms) = postSolution
		{BE643816-01F4-402A-B54B-10C898543995}.Debug|Any CPU.ActiveCfg = Debug|Any CPU
		{BE643816-01F4-402A-B54B-10C898543995}.Debug|Any CPU.Build.0 = Debug|Any CPU
		{BE643816-01F4-402A-B54B-10C898543995}.Release|Any CPU.ActiveCfg = Release|Any CPU
		{BE643816-01F4-402A-B54B-10C898543995}.Release|Any CPU.Build.0 = Release|Any CPU
		{7061A15E-94F2-4B2A-AC75-D573913521DA}.Debug|Any CPU.ActiveCfg = Debug|Any CPU
		{7061A15E-94F2-4B2A-AC75-D573913521DA}.Debug|Any CPU.Build.0 = Debug|Any CPU
		{7061A15E-94F2-4B2A-AC75-D573913521DA}.Release|Any CPU.ActiveCfg = Release|Any CPU
		{7061A15E-94F2-4B2A-AC75-D573913521DA}.Release|Any CPU.Build.0 = Release|Any CPU
		{47742751-7136-4C84-82AC-849DD9AF97AB}.Debug|Any CPU.ActiveCfg = Debug|Any CPU
		{47742751-7136-4C84-82AC-849DD9AF97AB}.Debug|Any CPU.Build.0 = Debug|Any CPU
		{47742751-7136-4C84-82AC-849DD9AF97AB}.Release|Any CPU.ActiveCfg = Release|Any CPU
		{47742751-7136-4C84-82AC-849DD9AF97AB}.Release|Any CPU.Build.0 = Release|Any CPU
		{BCABF515-CD4F-4AD0-B281-4E032AB6411D}.Debug|Any CPU.ActiveCfg = Debug|Any CPU
		{BCABF515-CD4F-4AD0-B281-4E032AB6411D}.Debug|Any CPU.Build.0 = Debug|Any CPU
		{BCABF515-CD4F-4AD0-B281-4E032AB6411D}.Release|Any CPU.ActiveCfg = Release|Any CPU
		{BCABF515-CD4F-4AD0-B281-4E032AB6411D}.Release|Any CPU.Build.0 = Release|Any CPU
		{EFC414CD-655B-4C58-9127-EDBBE536517C}.Debug|Any CPU.ActiveCfg = Debug|Any CPU
		{EFC414CD-655B-4C58-9127-EDBBE536517C}.Debug|Any CPU.Build.0 = Debug|Any CPU
		{EFC414CD-655B-4C58-9127-EDBBE536517C}.Release|Any CPU.ActiveCfg = Release|Any CPU
		{EFC414CD-655B-4C58-9127-EDBBE536517C}.Release|Any CPU.Build.0 = Release|Any CPU
		{A2EF75C3-8CDF-42DA-9E36-49747E36FF07}.Debug|Any CPU.ActiveCfg = Debug|Any CPU
		{A2EF75C3-8CDF-42DA-9E36-49747E36FF07}.Debug|Any CPU.Build.0 = Debug|Any CPU
		{A2EF75C3-8CDF-42DA-9E36-49747E36FF07}.Release|Any CPU.ActiveCfg = Release|Any CPU
		{A2EF75C3-8CDF-42DA-9E36-49747E36FF07}.Release|Any CPU.Build.0 = Release|Any CPU
		{F040DB81-E1D2-48B0-91F8-A6DDAC4B7AE7}.Debug|Any CPU.ActiveCfg = Debug|Any CPU
		{F040DB81-E1D2-48B0-91F8-A6DDAC4B7AE7}.Debug|Any CPU.Build.0 = Debug|Any CPU
		{F040DB81-E1D2-48B0-91F8-A6DDAC4B7AE7}.Release|Any CPU.ActiveCfg = Release|Any CPU
		{F040DB81-E1D2-48B0-91F8-A6DDAC4B7AE7}.Release|Any CPU.Build.0 = Release|Any CPU
	EndGlobalSection
	GlobalSection(SolutionProperties) = preSolution
		HideSolutionNode = FALSE
	EndGlobalSection
	GlobalSection(NestedProjects) = preSolution
		{BE643816-01F4-402A-B54B-10C898543995} = {2F6268C1-EFC8-4DFE-8ACF-B7D983835ACE}
		{7061A15E-94F2-4B2A-AC75-D573913521DA} = {F3456230-4F18-4C2C-AF0F-9613B7D834C5}
		{47742751-7136-4C84-82AC-849DD9AF97AB} = {258CC423-BC8E-4AE2-822D-2675E1672FCC}
		{BCABF515-CD4F-4AD0-B281-4E032AB6411D} = {A5338EA5-D04E-4E61-847A-435E05A1B448}
		{EFC414CD-655B-4C58-9127-EDBBE536517C} = {A5338EA5-D04E-4E61-847A-435E05A1B448}
		{8193DEA8-1273-44D6-B472-9507ACD89CD3} = {A5338EA5-D04E-4E61-847A-435E05A1B448}
		{A2EF75C3-8CDF-42DA-9E36-49747E36FF07} = {61A0ADAF-CE88-4C50-94AA-B8EF5C9DBC35}
		{F040DB81-E1D2-48B0-91F8-A6DDAC4B7AE7} = {7874F615-CE59-449E-80C8-5318B2D5E5D7}
	EndGlobalSection
	GlobalSection(ExtensibilityGlobals) = postSolution
		SolutionGuid = {AB449583-31D6-4164-8347-FE616190F2C9}
	EndGlobalSection
EndGlobal
